{
  "object": {
    "pins": [
      {
        "package": "JSBridge",
        "repositoryURL": "https://github.com/LinusU/JSBridge",
        "state": {
          "branch": null,
          "revision": "6f2b928ff2e5984e4be2748516303f01360545f6",
          "version": "1.0.0-alpha.8"
        }
      },
      {
        "package": "PromiseKit",
        "repositoryURL": "https://github.com/mxcl/PromiseKit",
        "state": {
          "branch": null,
          "revision": "62c61dd712da2f29a339cc2b46bb28a6a90086c6",
          "version": "6.2.2"
        }
      },
      {
        "package": "Signals",
        "repositoryURL": "https://github.com/LinusU/Signals",
        "state": {
          "branch": "app-extension-compat",
          "revision": "96834fc974c59e7b338e99476b5dae92430fcc71",
          "version": null
        }
      }
    ]
  },
  "version": 1
}
