{
  "object": {
    "pins": [
      {
        "package": "JSBridge",
        "repositoryURL": "https://github.com/LinusU/JSBridge",
        "state": {
          "branch": null,
          "revision": "f4b7a7f909a5ca8910480b4fdb513f2ceb6dc516",
          "version": "1.0.0-alpha.6"
        }
      },
      {
        "package": "PromiseKit",
        "repositoryURL": "https://github.com/mxcl/PromiseKit",
        "state": {
          "branch": null,
          "revision": "62c61dd712da2f29a339cc2b46bb28a6a90086c6",
          "version": "6.2.2"
        }
      },
      {
        "package": "Signals",
        "repositoryURL": "https://github.com/LinusU/Signals",
        "state": {
          "branch": "swiftpm",
          "revision": "5d3afa1109ba91a09ea866428f0c32b20698badc",
          "version": null
        }
      }
    ]
  },
  "version": 1
}
