{
  "object": {
    "pins": [
      {
        "package": "JSBridge",
        "repositoryURL": "https://github.com/LinusU/JSBridge",
        "state": {
          "branch": null,
          "revision": "b50f694c29eab35d39dad11e63d254bc47b420fb",
          "version": "1.0.0-alpha.15"
        }
      },
      {
        "package": "PromiseKit",
        "repositoryURL": "https://github.com/mxcl/PromiseKit",
        "state": {
          "branch": null,
          "revision": "fe1e9c5b62465227cceb7b0e6e79489ba7b824af",
          "version": "6.8.4"
        }
      },
      {
        "package": "Signals",
        "repositoryURL": "https://github.com/artman/Signals",
        "state": {
          "branch": null,
          "revision": "e792eb51a64f85d043d17f09f6323b803b9f73b8",
          "version": "6.1.0"
        }
      }
    ]
  },
  "version": 1
}
