// !$*UTF8*$!
{
	archiveVersion = 1;
	classes = {
	};
	objectVersion = 46;
	objects = {

/* Begin PBXBuildFile section */
		BF_0E05A19B5BCE9FF61FA4C7773A643396 /* State.swift in Sources */ = {isa = PBXBuildFile; fileRef = FR_7B7200ED60E5A77C5E7FEA93AA1D073E /* State.swift */; };
		BF_13AA0821A9C1B42C0560E720A1AFD896 /* JSSource.swift in Sources */ = {isa = PBXBuildFile; fileRef = FR_A0502FD74D1601A14F1CA2E74DE20AFB /* JSSource.swift */; };
		BF_1FA33751744E3BC94C5772FDE2C3D973 /* State.swift in Sources */ = {isa = PBXBuildFile; fileRef = FR_7B7200ED60E5A77C5E7FEA93AA1D073E /* State.swift */; };
		BF_52A6E05F429CFE0EE036605D00D44BC1 /* PromiseKit.framework in Frameworks */ = {isa = PBXBuildFile; fileRef = FR_7CD6617CD1A136630C337EACFFC4C11C /* PromiseKit.framework */; };
		BF_5D4E62ECA57731E82466846111882AA0 /* CtrlpanelCore.swift in Sources */ = {isa = PBXBuildFile; fileRef = FR_52CD20C4A1F318C717056E31A09BC83D /* CtrlpanelCore.swift */; };
		BF_5D8DF3149F038EFE5EC5C56016A474D2 /* JSBridge.framework in Frameworks */ = {isa = PBXBuildFile; fileRef = FR_43E8A3CE4537F54B0706BACA33855465 /* JSBridge.framework */; };
		BF_6466FEA672C019C7D663ADB07F41DDC3 /* PromiseKit.framework in Frameworks */ = {isa = PBXBuildFile; fileRef = FR_DB5B253FB4B1AACA76D9D7C1CFF0879E /* PromiseKit.framework */; };
		BF_96205262A74FB6EC46993C718919A2B9 /* JSSource.swift in Sources */ = {isa = PBXBuildFile; fileRef = FR_A0502FD74D1601A14F1CA2E74DE20AFB /* JSSource.swift */; };
		BF_D9B3999659C1050AA8D0DDE088325154 /* JSBridge.framework in Frameworks */ = {isa = PBXBuildFile; fileRef = FR_F59AFEFEA6FD8199F5D3AD9C94555283 /* JSBridge.framework */; };
		BF_E370AAEDEBFFF34414E95A1C6E01B60B /* CtrlpanelCore.swift in Sources */ = {isa = PBXBuildFile; fileRef = FR_52CD20C4A1F318C717056E31A09BC83D /* CtrlpanelCore.swift */; };
/* End PBXBuildFile section */

/* Begin PBXFileReference section */
		FR_2EF2636815ED621D1747941998D4C642 /* Info.plist */ = {isa = PBXFileReference; lastKnownFileType = text.plist.xml; path = Info.plist; sourceTree = "<group>"; };
		FR_43E8A3CE4537F54B0706BACA33855465 /* JSBridge.framework */ = {isa = PBXFileReference; lastKnownFileType = wrapper.framework; path = JSBridge.framework; sourceTree = "<group>"; };
		FR_4AF23A78FAC11C97C3B689704E91B009 /* CtrlpanelCore.framework */ = {isa = PBXFileReference; explicitFileType = wrapper.framework; includeInIndex = 0; path = CtrlpanelCore.framework; sourceTree = BUILT_PRODUCTS_DIR; };
		FR_52CD20C4A1F318C717056E31A09BC83D /* CtrlpanelCore.swift */ = {isa = PBXFileReference; lastKnownFileType = sourcecode.swift; path = CtrlpanelCore.swift; sourceTree = "<group>"; };
		FR_563621B99683D7B987CD43E259EAFCAA /* CtrlpanelCore.framework */ = {isa = PBXFileReference; explicitFileType = wrapper.framework; includeInIndex = 0; path = CtrlpanelCore.framework; sourceTree = BUILT_PRODUCTS_DIR; };
		FR_7B7200ED60E5A77C5E7FEA93AA1D073E /* State.swift */ = {isa = PBXFileReference; lastKnownFileType = sourcecode.swift; path = State.swift; sourceTree = "<group>"; };
		FR_7CD6617CD1A136630C337EACFFC4C11C /* PromiseKit.framework */ = {isa = PBXFileReference; lastKnownFileType = wrapper.framework; path = PromiseKit.framework; sourceTree = "<group>"; };
		FR_A0502FD74D1601A14F1CA2E74DE20AFB /* JSSource.swift */ = {isa = PBXFileReference; lastKnownFileType = sourcecode.swift; path = JSSource.swift; sourceTree = "<group>"; };
		FR_DB5B253FB4B1AACA76D9D7C1CFF0879E /* PromiseKit.framework */ = {isa = PBXFileReference; lastKnownFileType = wrapper.framework; path = PromiseKit.framework; sourceTree = "<group>"; };
		FR_F59AFEFEA6FD8199F5D3AD9C94555283 /* JSBridge.framework */ = {isa = PBXFileReference; lastKnownFileType = wrapper.framework; path = JSBridge.framework; sourceTree = "<group>"; };
/* End PBXFileReference section */

/* Begin PBXFrameworksBuildPhase section */
		FBP_61B269CE57FBBD24DC5E4BFB0BAF5DD8 /* Frameworks */ = {
			isa = PBXFrameworksBuildPhase;
			buildActionMask = 2147483647;
			files = (
				BF_D9B3999659C1050AA8D0DDE088325154 /* JSBridge.framework in Frameworks */,
				BF_52A6E05F429CFE0EE036605D00D44BC1 /* PromiseKit.framework in Frameworks */,
			);
			runOnlyForDeploymentPostprocessing = 0;
		};
		FBP_B3A6067CA40B15C336D22DC913A2B0C8 /* Frameworks */ = {
			isa = PBXFrameworksBuildPhase;
			buildActionMask = 2147483647;
			files = (
				BF_5D8DF3149F038EFE5EC5C56016A474D2 /* JSBridge.framework in Frameworks */,
				BF_6466FEA672C019C7D663ADB07F41DDC3 /* PromiseKit.framework in Frameworks */,
			);
			runOnlyForDeploymentPostprocessing = 0;
		};
/* End PBXFrameworksBuildPhase section */

/* Begin PBXGroup section */
		G_138B58F871AF672CFF9D9B967D47C687 = {
			isa = PBXGroup;
			children = (
				G_89A1D3F97A8D0977811EB9739C44BA5C /* Sources */,
				G_FFF3BBCB1D83641C5EBDC606345F5E99 /* Frameworks */,
				G_ED754E7493A535C09FA601E551A4E34B /* Products */,
			);
			sourceTree = "<group>";
		};
		G_191F52A356D967AB5D58BF1BDFEF18DD /* iOS */ = {
			isa = PBXGroup;
			children = (
				FR_43E8A3CE4537F54B0706BACA33855465 /* JSBridge.framework */,
				FR_DB5B253FB4B1AACA76D9D7C1CFF0879E /* PromiseKit.framework */,
			);
			path = iOS;
			sourceTree = "<group>";
		};
		G_89A1D3F97A8D0977811EB9739C44BA5C /* Sources */ = {
			isa = PBXGroup;
			children = (
				FR_52CD20C4A1F318C717056E31A09BC83D /* CtrlpanelCore.swift */,
				FR_2EF2636815ED621D1747941998D4C642 /* Info.plist */,
				FR_A0502FD74D1601A14F1CA2E74DE20AFB /* JSSource.swift */,
				FR_7B7200ED60E5A77C5E7FEA93AA1D073E /* State.swift */,
			);
			path = Sources;
			sourceTree = "<group>";
		};
		G_99E6A9377B2CDB961C53818D76894BF8 /* Carthage */ = {
			isa = PBXGroup;
			children = (
				G_191F52A356D967AB5D58BF1BDFEF18DD /* iOS */,
				G_A0BFAE4D38FEAFC5CA1C4FB456D81D9B /* Mac */,
			);
			name = Carthage;
			path = Carthage/Build;
			sourceTree = "<group>";
		};
		G_A0BFAE4D38FEAFC5CA1C4FB456D81D9B /* Mac */ = {
			isa = PBXGroup;
			children = (
				FR_F59AFEFEA6FD8199F5D3AD9C94555283 /* JSBridge.framework */,
				FR_7CD6617CD1A136630C337EACFFC4C11C /* PromiseKit.framework */,
			);
			path = Mac;
			sourceTree = "<group>";
		};
		G_ED754E7493A535C09FA601E551A4E34B /* Products */ = {
			isa = PBXGroup;
			children = (
				FR_4AF23A78FAC11C97C3B689704E91B009 /* CtrlpanelCore.framework */,
				FR_563621B99683D7B987CD43E259EAFCAA /* CtrlpanelCore.framework */,
			);
			name = Products;
			sourceTree = "<group>";
		};
		G_FFF3BBCB1D83641C5EBDC606345F5E99 /* Frameworks */ = {
			isa = PBXGroup;
			children = (
				G_99E6A9377B2CDB961C53818D76894BF8 /* Carthage */,
			);
			name = Frameworks;
			sourceTree = "<group>";
		};
/* End PBXGroup section */

/* Begin PBXNativeTarget section */
		NT_0DF560466A42EBA864A0D32F5FF7CECE /* CtrlpanelCore_macOS */ = {
			isa = PBXNativeTarget;
			buildConfigurationList = CL_323E97BD0E92BFFDF7E496A97BB0DE00 /* Build configuration list for PBXNativeTarget "CtrlpanelCore_macOS" */;
			buildPhases = (
				SBP_006CB5507C2984D1F4E73DD7AC5546A3 /* Sources */,
				FBP_61B269CE57FBBD24DC5E4BFB0BAF5DD8 /* Frameworks */,
			);
			buildRules = (
			);
			dependencies = (
			);
			name = CtrlpanelCore_macOS;
			productName = CtrlpanelCore_macOS;
			productReference = FR_563621B99683D7B987CD43E259EAFCAA /* CtrlpanelCore.framework */;
			productType = "com.apple.product-type.framework";
		};
		NT_4748BA97B53CFA79F925D4BB64F5A93C /* CtrlpanelCore_iOS */ = {
			isa = PBXNativeTarget;
			buildConfigurationList = CL_7B82BD6F491539A27F82CA948B36606D /* Build configuration list for PBXNativeTarget "CtrlpanelCore_iOS" */;
			buildPhases = (
				SBP_EC9014B8DAFAF8DECF1EE59DF2DAB165 /* Sources */,
				FBP_B3A6067CA40B15C336D22DC913A2B0C8 /* Frameworks */,
			);
			buildRules = (
			);
			dependencies = (
			);
			name = CtrlpanelCore_iOS;
			productName = CtrlpanelCore_iOS;
			productReference = FR_4AF23A78FAC11C97C3B689704E91B009 /* CtrlpanelCore.framework */;
			productType = "com.apple.product-type.framework";
		};
/* End PBXNativeTarget section */

/* Begin PBXProject section */
		P_2291A39B4D4C03A6F0649B9301219DD1 /* Project object */ = {
			isa = PBXProject;
			attributes = {
				LastUpgradeCheck = 1000;
			};
			buildConfigurationList = CL_41677997D6CEA068EABF26F6CDAB2E01 /* Build configuration list for PBXProject "CtrlpanelCore" */;
			compatibilityVersion = "Xcode 3.2";
			developmentRegion = en;
			hasScannedForEncodings = 0;
			knownRegions = (
				en,
			);
			mainGroup = G_138B58F871AF672CFF9D9B967D47C687;
			projectDirPath = "";
			projectRoot = "";
			targets = (
				NT_4748BA97B53CFA79F925D4BB64F5A93C /* CtrlpanelCore_iOS */,
				NT_0DF560466A42EBA864A0D32F5FF7CECE /* CtrlpanelCore_macOS */,
			);
		};
/* End PBXProject section */

/* Begin PBXSourcesBuildPhase section */
		SBP_006CB5507C2984D1F4E73DD7AC5546A3 /* Sources */ = {
			isa = PBXSourcesBuildPhase;
			buildActionMask = 2147483647;
			files = (
				BF_5D4E62ECA57731E82466846111882AA0 /* CtrlpanelCore.swift in Sources */,
				BF_13AA0821A9C1B42C0560E720A1AFD896 /* JSSource.swift in Sources */,
				BF_1FA33751744E3BC94C5772FDE2C3D973 /* State.swift in Sources */,
			);
			runOnlyForDeploymentPostprocessing = 0;
		};
		SBP_EC9014B8DAFAF8DECF1EE59DF2DAB165 /* Sources */ = {
			isa = PBXSourcesBuildPhase;
			buildActionMask = 2147483647;
			files = (
				BF_E370AAEDEBFFF34414E95A1C6E01B60B /* CtrlpanelCore.swift in Sources */,
				BF_96205262A74FB6EC46993C718919A2B9 /* JSSource.swift in Sources */,
				BF_0E05A19B5BCE9FF61FA4C7773A643396 /* State.swift in Sources */,
			);
			runOnlyForDeploymentPostprocessing = 0;
		};
/* End PBXSourcesBuildPhase section */

/* Begin XCBuildConfiguration section */
		BC_40EE5A57EF8E9E7C3A2763C03DD1BAE9 /* Debug */ = {
			isa = XCBuildConfiguration;
			buildSettings = {
				APPLICATION_EXTENSION_API_ONLY = YES;
				CODE_SIGN_IDENTITY = "";
				CURRENT_PROJECT_VERSION = 1;
				DEFINES_MODULE = YES;
				DYLIB_COMPATIBILITY_VERSION = 1;
				DYLIB_CURRENT_VERSION = 1;
				DYLIB_INSTALL_NAME_BASE = "@rpath";
				FRAMEWORK_SEARCH_PATHS = (
					"$(inherited)",
					"$(PROJECT_DIR)/Carthage/Build/iOS",
				);
				INFOPLIST_FILE = Sources/Info.plist;
				INSTALL_PATH = "$(LOCAL_LIBRARY_DIR)/Frameworks";
				LD_RUNPATH_SEARCH_PATHS = "$(inherited) @executable_path/Frameworks";
				PRODUCT_BUNDLE_IDENTIFIER = "com.ctrlaltdeseat.CtrlpanelCore-iOS";
				PRODUCT_NAME = CtrlpanelCore;
				SDKROOT = iphoneos;
				SKIP_INSTALL = YES;
				TARGETED_DEVICE_FAMILY = "1,2";
				VERSIONING_SYSTEM = "apple-generic";
			};
			name = Debug;
		};
		BC_9EA853983213E6671FE8471D3937884A /* Debug */ = {
			isa = XCBuildConfiguration;
			buildSettings = {
				APPLICATION_EXTENSION_API_ONLY = YES;
				CODE_SIGN_IDENTITY = "";
				COMBINE_HIDPI_IMAGES = YES;
				CURRENT_PROJECT_VERSION = 1;
				DEFINES_MODULE = YES;
				DYLIB_COMPATIBILITY_VERSION = 1;
				DYLIB_CURRENT_VERSION = 1;
				DYLIB_INSTALL_NAME_BASE = "@rpath";
				FRAMEWORK_SEARCH_PATHS = (
					"$(inherited)",
					"$(PROJECT_DIR)/Carthage/Build/Mac",
				);
				INFOPLIST_FILE = Sources/Info.plist;
				INSTALL_PATH = "$(LOCAL_LIBRARY_DIR)/Frameworks";
				LD_RUNPATH_SEARCH_PATHS = "$(inherited) @executable_path/../Frameworks";
				PRODUCT_BUNDLE_IDENTIFIER = "com.ctrlaltdeseat.CtrlpanelCore-macOS";
				PRODUCT_NAME = CtrlpanelCore;
				SDKROOT = macosx;
				SKIP_INSTALL = YES;
				VERSIONING_SYSTEM = "apple-generic";
			};
			name = Debug;
		};
		BC_A7C6FE2DB046C36297B544A6EFC35E14 /* Release */ = {
			isa = XCBuildConfiguration;
			buildSettings = {
				APPLICATION_EXTENSION_API_ONLY = YES;
				CODE_SIGN_IDENTITY = "";
				COMBINE_HIDPI_IMAGES = YES;
				CURRENT_PROJECT_VERSION = 1;
				DEFINES_MODULE = YES;
				DYLIB_COMPATIBILITY_VERSION = 1;
				DYLIB_CURRENT_VERSION = 1;
				DYLIB_INSTALL_NAME_BASE = "@rpath";
				FRAMEWORK_SEARCH_PATHS = (
					"$(inherited)",
					"$(PROJECT_DIR)/Carthage/Build/Mac",
				);
				INFOPLIST_FILE = Sources/Info.plist;
				INSTALL_PATH = "$(LOCAL_LIBRARY_DIR)/Frameworks";
				LD_RUNPATH_SEARCH_PATHS = "$(inherited) @executable_path/../Frameworks";
				PRODUCT_BUNDLE_IDENTIFIER = "com.ctrlaltdeseat.CtrlpanelCore-macOS";
				PRODUCT_NAME = CtrlpanelCore;
				SDKROOT = macosx;
				SKIP_INSTALL = YES;
				VERSIONING_SYSTEM = "apple-generic";
			};
			name = Release;
		};
		BC_C64BEBAA9F119BFCCD57A68817C1F1F7 /* Release */ = {
			isa = XCBuildConfiguration;
			buildSettings = {
				APPLICATION_EXTENSION_API_ONLY = YES;
				CODE_SIGN_IDENTITY = "";
				CURRENT_PROJECT_VERSION = 1;
				DEFINES_MODULE = YES;
				DYLIB_COMPATIBILITY_VERSION = 1;
				DYLIB_CURRENT_VERSION = 1;
				DYLIB_INSTALL_NAME_BASE = "@rpath";
				FRAMEWORK_SEARCH_PATHS = (
					"$(inherited)",
					"$(PROJECT_DIR)/Carthage/Build/iOS",
				);
				INFOPLIST_FILE = Sources/Info.plist;
				INSTALL_PATH = "$(LOCAL_LIBRARY_DIR)/Frameworks";
				LD_RUNPATH_SEARCH_PATHS = "$(inherited) @executable_path/Frameworks";
				PRODUCT_BUNDLE_IDENTIFIER = "com.ctrlaltdeseat.CtrlpanelCore-iOS";
				PRODUCT_NAME = CtrlpanelCore;
				SDKROOT = iphoneos;
				SKIP_INSTALL = YES;
				TARGETED_DEVICE_FAMILY = "1,2";
				VERSIONING_SYSTEM = "apple-generic";
			};
			name = Release;
		};
		BC_E3050CD9B70BB1F840AFD1CF13DDCB11 /* Debug */ = {
			isa = XCBuildConfiguration;
			buildSettings = {
				ALWAYS_SEARCH_USER_PATHS = NO;
				CLANG_ANALYZER_NONNULL = YES;
				CLANG_ANALYZER_NUMBER_OBJECT_CONVERSION = YES_AGGRESSIVE;
				CLANG_CXX_LANGUAGE_STANDARD = "gnu++14";
				CLANG_CXX_LIBRARY = "libc++";
				CLANG_ENABLE_MODULES = YES;
				CLANG_ENABLE_OBJC_ARC = YES;
				CLANG_WARN_BLOCK_CAPTURE_AUTORELEASING = YES;
				CLANG_WARN_BOOL_CONVERSION = YES;
				CLANG_WARN_COMMA = YES;
				CLANG_WARN_CONSTANT_CONVERSION = YES;
				CLANG_WARN_DEPRECATED_OBJC_IMPLEMENTATIONS = YES;
				CLANG_WARN_DIRECT_OBJC_ISA_USAGE = YES_ERROR;
				CLANG_WARN_DOCUMENTATION_COMMENTS = YES;
				CLANG_WARN_EMPTY_BODY = YES;
				CLANG_WARN_ENUM_CONVERSION = YES;
				CLANG_WARN_INFINITE_RECURSION = YES;
				CLANG_WARN_INT_CONVERSION = YES;
				CLANG_WARN_NON_LITERAL_NULL_CONVERSION = YES;
				CLANG_WARN_OBJC_IMPLICIT_RETAIN_SELF = YES;
				CLANG_WARN_OBJC_LITERAL_CONVERSION = YES;
				CLANG_WARN_OBJC_ROOT_CLASS = YES_ERROR;
				CLANG_WARN_RANGE_LOOP_ANALYSIS = YES;
				CLANG_WARN_STRICT_PROTOTYPES = YES;
				CLANG_WARN_SUSPICIOUS_MOVE = YES;
				CLANG_WARN_UNGUARDED_AVAILABILITY = YES_AGGRESSIVE;
				CLANG_WARN_UNREACHABLE_CODE = YES;
				CLANG_WARN__DUPLICATE_METHOD_MATCH = YES;
				COPY_PHASE_STRIP = NO;
				DEBUG_INFORMATION_FORMAT = dwarf;
				ENABLE_STRICT_OBJC_MSGSEND = YES;
				ENABLE_TESTABILITY = YES;
				GCC_C_LANGUAGE_STANDARD = gnu11;
				GCC_DYNAMIC_NO_PIC = NO;
				GCC_NO_COMMON_BLOCKS = YES;
				GCC_OPTIMIZATION_LEVEL = 0;
				GCC_PREPROCESSOR_DEFINITIONS = (
					"$(inherited)",
					"DEBUG=1",
				);
				GCC_WARN_64_TO_32_BIT_CONVERSION = YES;
				GCC_WARN_ABOUT_RETURN_TYPE = YES_ERROR;
				GCC_WARN_UNDECLARED_SELECTOR = YES;
				GCC_WARN_UNINITIALIZED_AUTOS = YES_AGGRESSIVE;
				GCC_WARN_UNUSED_FUNCTION = YES;
				GCC_WARN_UNUSED_VARIABLE = YES;
				IPHONEOS_DEPLOYMENT_TARGET = 11.0;
				MACOSX_DEPLOYMENT_TARGET = 10.13;
				MTL_ENABLE_DEBUG_INFO = YES;
				ONLY_ACTIVE_ARCH = YES;
				PRODUCT_NAME = "$(TARGET_NAME)";
				SWIFT_ACTIVE_COMPILATION_CONDITIONS = DEBUG;
				SWIFT_OPTIMIZATION_LEVEL = "-Onone";
				SWIFT_VERSION = 4.2;
			};
			name = Debug;
		};
		BC_FBB3444E51A836AC1B00F87B352DE0EE /* Release */ = {
			isa = XCBuildConfiguration;
			buildSettings = {
				ALWAYS_SEARCH_USER_PATHS = NO;
				CLANG_ANALYZER_NONNULL = YES;
				CLANG_ANALYZER_NUMBER_OBJECT_CONVERSION = YES_AGGRESSIVE;
				CLANG_CXX_LANGUAGE_STANDARD = "gnu++14";
				CLANG_CXX_LIBRARY = "libc++";
				CLANG_ENABLE_MODULES = YES;
				CLANG_ENABLE_OBJC_ARC = YES;
				CLANG_WARN_BLOCK_CAPTURE_AUTORELEASING = YES;
				CLANG_WARN_BOOL_CONVERSION = YES;
				CLANG_WARN_COMMA = YES;
				CLANG_WARN_CONSTANT_CONVERSION = YES;
				CLANG_WARN_DEPRECATED_OBJC_IMPLEMENTATIONS = YES;
				CLANG_WARN_DIRECT_OBJC_ISA_USAGE = YES_ERROR;
				CLANG_WARN_DOCUMENTATION_COMMENTS = YES;
				CLANG_WARN_EMPTY_BODY = YES;
				CLANG_WARN_ENUM_CONVERSION = YES;
				CLANG_WARN_INFINITE_RECURSION = YES;
				CLANG_WARN_INT_CONVERSION = YES;
				CLANG_WARN_NON_LITERAL_NULL_CONVERSION = YES;
				CLANG_WARN_OBJC_IMPLICIT_RETAIN_SELF = YES;
				CLANG_WARN_OBJC_LITERAL_CONVERSION = YES;
				CLANG_WARN_OBJC_ROOT_CLASS = YES_ERROR;
				CLANG_WARN_RANGE_LOOP_ANALYSIS = YES;
				CLANG_WARN_STRICT_PROTOTYPES = YES;
				CLANG_WARN_SUSPICIOUS_MOVE = YES;
				CLANG_WARN_UNGUARDED_AVAILABILITY = YES_AGGRESSIVE;
				CLANG_WARN_UNREACHABLE_CODE = YES;
				CLANG_WARN__DUPLICATE_METHOD_MATCH = YES;
				COPY_PHASE_STRIP = NO;
				DEBUG_INFORMATION_FORMAT = "dwarf-with-dsym";
				ENABLE_NS_ASSERTIONS = NO;
				ENABLE_STRICT_OBJC_MSGSEND = YES;
				GCC_C_LANGUAGE_STANDARD = gnu11;
				GCC_NO_COMMON_BLOCKS = YES;
				GCC_WARN_64_TO_32_BIT_CONVERSION = YES;
				GCC_WARN_ABOUT_RETURN_TYPE = YES_ERROR;
				GCC_WARN_UNDECLARED_SELECTOR = YES;
				GCC_WARN_UNINITIALIZED_AUTOS = YES_AGGRESSIVE;
				GCC_WARN_UNUSED_FUNCTION = YES;
				GCC_WARN_UNUSED_VARIABLE = YES;
				IPHONEOS_DEPLOYMENT_TARGET = 11.0;
				MACOSX_DEPLOYMENT_TARGET = 10.13;
				PRODUCT_NAME = "$(TARGET_NAME)";
				SWIFT_OPTIMIZATION_LEVEL = "-Owholemodule";
				SWIFT_VERSION = 4.2;
				VALIDATE_PRODUCT = YES;
			};
			name = Release;
		};
/* End XCBuildConfiguration section */

/* Begin XCConfigurationList section */
		CL_323E97BD0E92BFFDF7E496A97BB0DE00 /* Build configuration list for PBXNativeTarget "CtrlpanelCore_macOS" */ = {
			isa = XCConfigurationList;
			buildConfigurations = (
				BC_9EA853983213E6671FE8471D3937884A /* Debug */,
				BC_A7C6FE2DB046C36297B544A6EFC35E14 /* Release */,
			);
			defaultConfigurationIsVisible = 0;
			defaultConfigurationName = "";
		};
		CL_41677997D6CEA068EABF26F6CDAB2E01 /* Build configuration list for PBXProject "CtrlpanelCore" */ = {
			isa = XCConfigurationList;
			buildConfigurations = (
				BC_E3050CD9B70BB1F840AFD1CF13DDCB11 /* Debug */,
				BC_FBB3444E51A836AC1B00F87B352DE0EE /* Release */,
			);
			defaultConfigurationIsVisible = 0;
			defaultConfigurationName = Debug;
		};
		CL_7B82BD6F491539A27F82CA948B36606D /* Build configuration list for PBXNativeTarget "CtrlpanelCore_iOS" */ = {
			isa = XCConfigurationList;
			buildConfigurations = (
				BC_40EE5A57EF8E9E7C3A2763C03DD1BAE9 /* Debug */,
				BC_C64BEBAA9F119BFCCD57A68817C1F1F7 /* Release */,
			);
			defaultConfigurationIsVisible = 0;
			defaultConfigurationName = "";
		};
/* End XCConfigurationList section */
	};
	rootObject = P_2291A39B4D4C03A6F0649B9301219DD1 /* Project object */;
}
